
Microsoft Visual Studio Solution File, Format Version 12.00
# Visual Studio Version 16
VisualStudioVersion = 16.0.29806.167
MinimumVisualStudioVersion = 10.0.40219.1
Project("{FAE04EC0-301F-11D3-BF4B-00C04F79EFBC}") = "HomeWork9set3", "HomeWork9set3\HomeWork9set3.csproj", "{3F6AA66D-2EE7-42BD-A163-09699B9BFEDE}"
EndProject
Global
	GlobalSection(SolutionConfigurationPlatforms) = preSolution
		Debug|Any CPU = Debug|Any CPU
		Release|Any CPU = Release|Any CPU
	EndGlobalSection
	GlobalSection(ProjectConfigurationPlatforms) = postSolution
		{3F6AA66D-2EE7-42BD-A163-09699B9BFEDE}.Debug|Any CPU.ActiveCfg = Debug|Any CPU
		{3F6AA66D-2EE7-42BD-A163-09699B9BFEDE}.Debug|Any CPU.Build.0 = Debug|Any CPU
		{3F6AA66D-2EE7-42BD-A163-09699B9BFEDE}.Release|Any CPU.ActiveCfg = Release|Any CPU
		{3F6AA66D-2EE7-42BD-A163-09699B9BFEDE}.Release|Any CPU.Build.0 = Release|Any CPU
	EndGlobalSection
	GlobalSection(SolutionProperties) = preSolution
		HideSolutionNode = FALSE
	EndGlobalSection
	GlobalSection(ExtensibilityGlobals) = postSolution
		SolutionGuid = {E86D94ED-61F9-4F37-BBEB-39014A1E03C7}
	EndGlobalSection
EndGlobal
